
Microsoft Visual Studio Solution File, Format Version 12.00
# Visual Studio 15
VisualStudioVersion = 15.0.28307.329
MinimumVisualStudioVersion = 10.0.40219.1
Project("{FAE04EC0-301F-11D3-BF4B-00C04F79EFBC}") = "ContextMenuError", "ContextMenuError.csproj", "{53BE67CE-ACF5-4CBE-BB77-EAE27AF2CDDA}"
EndProject
Global
	GlobalSection(SolutionConfigurationPlatforms) = preSolution
		Debug|Any CPU = Debug|Any CPU
		Release|Any CPU = Release|Any CPU
	EndGlobalSection
	GlobalSection(ProjectConfigurationPlatforms) = postSolution
		{53BE67CE-ACF5-4CBE-BB77-EAE27AF2CDDA}.Debug|Any CPU.ActiveCfg = Debug|Any CPU
		{53BE67CE-ACF5-4CBE-BB77-EAE27AF2CDDA}.Debug|Any CPU.Build.0 = Debug|Any CPU
		{53BE67CE-ACF5-4CBE-BB77-EAE27AF2CDDA}.Release|Any CPU.ActiveCfg = Release|Any CPU
		{53BE67CE-ACF5-4CBE-BB77-EAE27AF2CDDA}.Release|Any CPU.Build.0 = Release|Any CPU
	EndGlobalSection
	GlobalSection(SolutionProperties) = preSolution
		HideSolutionNode = FALSE
	EndGlobalSection
	GlobalSection(ExtensibilityGlobals) = postSolution
		SolutionGuid = {44F72993-61D5-414E-A525-D9B070550197}
	EndGlobalSection
EndGlobal
